// !$*UTF8*$!
{
	archiveVersion = 1;
	classes = {
	};
	objectVersion = 56;
	objects = {

/* Begin PBXBuildFile section */
		CF4796072D32EE73008FB353 /* placeholderApp.swift in Sources */ = {isa = PBXBuildFile; fileRef = CF4796062D32EE73008FB353 /* placeholderApp.swift */; };
		CF4796092D32EE73008FB353 /* ContentView.swift in Sources */ = {isa = PBXBuildFile; fileRef = CF4796082D32EE73008FB353 /* ContentView.swift */; };
		CF47960B2D32EE74008FB353 /* Assets.xcassets in Resources */ = {isa = PBXBuildFile; fileRef = CF47960A2D32EE74008FB353 /* Assets.xcassets */; };
		CF47960E2D32EE74008FB353 /* Preview Assets.xcassets in Resources */ = {isa = PBXBuildFile; fileRef = CF47960D2D32EE74008FB353 /* Preview Assets.xcassets */; };
		CF4796182D32EE75008FB353 /* placeholderTests.swift in Sources */ = {isa = PBXBuildFile; fileRef = CF4796172D32EE75008FB353 /* placeholderTests.swift */; };
		CF4796222D32EE75008FB353 /* placeholderUITests.swift in Sources */ = {isa = PBXBuildFile; fileRef = CF4796212D32EE75008FB353 /* placeholderUITests.swift */; };
		CF4796242D32EE75008FB353 /* placeholderUITestsLaunchTests.swift in Sources */ = {isa = PBXBuildFile; fileRef = CF4796232D32EE75008FB353 /* placeholderUITestsLaunchTests.swift */; };
/* End PBXBuildFile section */

/* Begin PBXContainerItemProxy section */
		CF4796142D32EE75008FB353 /* PBXContainerItemProxy */ = {
			isa = PBXContainerItemProxy;
			containerPortal = CF4795FB2D32EE73008FB353 /* Project object */;
			proxyType = 1;
			remoteGlobalIDString = CF4796022D32EE73008FB353;
			remoteInfo = placeholder;
		};
		CF47961E2D32EE75008FB353 /* PBXContainerItemProxy */ = {
			isa = PBXContainerItemProxy;
			containerPortal = CF4795FB2D32EE73008FB353 /* Project object */;
			proxyType = 1;
			remoteGlobalIDString = CF4796022D32EE73008FB353;
			remoteInfo = placeholder;
		};
/* End PBXContainerItemProxy section */

/* Begin PBXFileReference section */
		CF4796032D32EE73008FB353 /* placeholder.app */ = {isa = PBXFileReference; explicitFileType = wrapper.application; includeInIndex = 0; path = placeholder.app; sourceTree = BUILT_PRODUCTS_DIR; };
		CF4796062D32EE73008FB353 /* placeholderApp.swift */ = {isa = PBXFileReference; lastKnownFileType = sourcecode.swift; path = placeholderApp.swift; sourceTree = "<group>"; };
		CF4796082D32EE73008FB353 /* ContentView.swift */ = {isa = PBXFileReference; lastKnownFileType = sourcecode.swift; path = ContentView.swift; sourceTree = "<group>"; };
		CF47960A2D32EE74008FB353 /* Assets.xcassets */ = {isa = PBXFileReference; lastKnownFileType = folder.assetcatalog; path = Assets.xcassets; sourceTree = "<group>"; };
		CF47960D2D32EE74008FB353 /* Preview Assets.xcassets */ = {isa = PBXFileReference; lastKnownFileType = folder.assetcatalog; path = "Preview Assets.xcassets"; sourceTree = "<group>"; };
		CF4796132D32EE75008FB353 /* placeholderTests.xctest */ = {isa = PBXFileReference; explicitFileType = wrapper.cfbundle; includeInIndex = 0; path = placeholderTests.xctest; sourceTree = BUILT_PRODUCTS_DIR; };
		CF4796172D32EE75008FB353 /* placeholderTests.swift */ = {isa = PBXFileReference; lastKnownFileType = sourcecode.swift; path = placeholderTests.swift; sourceTree = "<group>"; };
		CF47961D2D32EE75008FB353 /* placeholderUITests.xctest */ = {isa = PBXFileReference; explicitFileType = wrapper.cfbundle; includeInIndex = 0; path = placeholderUITests.xctest; sourceTree = BUILT_PRODUCTS_DIR; };
		CF4796212D32EE75008FB353 /* placeholderUITests.swift */ = {isa = PBXFileReference; lastKnownFileType = sourcecode.swift; path = placeholderUITests.swift; sourceTree = "<group>"; };
		CF4796232D32EE75008FB353 /* placeholderUITestsLaunchTests.swift */ = {isa = PBXFileReference; lastKnownFileType = sourcecode.swift; path = placeholderUITestsLaunchTests.swift; sourceTree = "<group>"; };
/* End PBXFileReference section */

/* Begin PBXFrameworksBuildPhase section */
		CF4796002D32EE73008FB353 /* Frameworks */ = {
			isa = PBXFrameworksBuildPhase;
			buildActionMask = 2147483647;
			files = (
			);
			runOnlyForDeploymentPostprocessing = 0;
		};
		CF4796102D32EE75008FB353 /* Frameworks */ = {
			isa = PBXFrameworksBuildPhase;
			buildActionMask = 2147483647;
			files = (
			);
			runOnlyForDeploymentPostprocessing = 0;
		};
		CF47961A2D32EE75008FB353 /* Frameworks */ = {
			isa = PBXFrameworksBuildPhase;
			buildActionMask = 2147483647;
			files = (
			);
			runOnlyForDeploymentPostprocessing = 0;
		};
/* End PBXFrameworksBuildPhase section */

/* Begin PBXGroup section */
		CF4795FA2D32EE73008FB353 = {
			isa = PBXGroup;
			children = (
				CF4796052D32EE73008FB353 /* placeholder */,
				CF4796162D32EE75008FB353 /* placeholderTests */,
				CF4796202D32EE75008FB353 /* placeholderUITests */,
				CF4796042D32EE73008FB353 /* Products */,
			);
			sourceTree = "<group>";
		};
		CF4796042D32EE73008FB353 /* Products */ = {
			isa = PBXGroup;
			children = (
				CF4796032D32EE73008FB353 /* placeholder.app */,
				CF4796132D32EE75008FB353 /* placeholderTests.xctest */,
				CF47961D2D32EE75008FB353 /* placeholderUITests.xctest */,
			);
			name = Products;
			sourceTree = "<group>";
		};
		CF4796052D32EE73008FB353 /* placeholder */ = {
			isa = PBXGroup;
			children = (
				CF4796062D32EE73008FB353 /* placeholderApp.swift */,
				CF4796082D32EE73008FB353 /* ContentView.swift */,
				CF47960A2D32EE74008FB353 /* Assets.xcassets */,
				CF47960C2D32EE74008FB353 /* Preview Content */,
			);
			path = placeholder;
			sourceTree = "<group>";
		};
		CF47960C2D32EE74008FB353 /* Preview Content */ = {
			isa = PBXGroup;
			children = (
				CF47960D2D32EE74008FB353 /* Preview Assets.xcassets */,
			);
			path = "Preview Content";
			sourceTree = "<group>";
		};
		CF4796162D32EE75008FB353 /* placeholderTests */ = {
			isa = PBXGroup;
			children = (
				CF4796172D32EE75008FB353 /* placeholderTests.swift */,
			);
			path = placeholderTests;
			sourceTree = "<group>";
		};
		CF4796202D32EE75008FB353 /* placeholderUITests */ = {
			isa = PBXGroup;
			children = (
				CF4796212D32EE75008FB353 /* placeholderUITests.swift */,
				CF4796232D32EE75008FB353 /* placeholderUITestsLaunchTests.swift */,
			);
			path = placeholderUITests;
			sourceTree = "<group>";
		};
/* End PBXGroup section */

/* Begin PBXNativeTarget section */
		CF4796022D32EE73008FB353 /* placeholder */ = {
			isa = PBXNativeTarget;
			buildConfigurationList = CF4796272D32EE75008FB353 /* Build configuration list for PBXNativeTarget "placeholder" */;
			buildPhases = (
				CF4795FF2D32EE73008FB353 /* Sources */,
				CF4796002D32EE73008FB353 /* Frameworks */,
				CF4796012D32EE73008FB353 /* Resources */,
			);
			buildRules = (
			);
			dependencies = (
			);
			name = placeholder;
			productName = placeholder;
			productReference = CF4796032D32EE73008FB353 /* placeholder.app */;
			productType = "com.apple.product-type.application";
		};
		CF4796122D32EE75008FB353 /* placeholderTests */ = {
			isa = PBXNativeTarget;
			buildConfigurationList = CF47962A2D32EE75008FB353 /* Build configuration list for PBXNativeTarget "placeholderTests" */;
			buildPhases = (
				CF47960F2D32EE75008FB353 /* Sources */,
				CF4796102D32EE75008FB353 /* Frameworks */,
				CF4796112D32EE75008FB353 /* Resources */,
			);
			buildRules = (
			);
			dependencies = (
				CF4796152D32EE75008FB353 /* PBXTargetDependency */,
			);
			name = placeholderTests;
			productName = placeholderTests;
			productReference = CF4796132D32EE75008FB353 /* placeholderTests.xctest */;
			productType = "com.apple.product-type.bundle.unit-test";
		};
		CF47961C2D32EE75008FB353 /* placeholderUITests */ = {
			isa = PBXNativeTarget;
			buildConfigurationList = CF47962D2D32EE75008FB353 /* Build configuration list for PBXNativeTarget "placeholderUITests" */;
			buildPhases = (
				CF4796192D32EE75008FB353 /* Sources */,
				CF47961A2D32EE75008FB353 /* Frameworks */,
				CF47961B2D32EE75008FB353 /* Resources */,
			);
			buildRules = (
			);
			dependencies = (
				CF47961F2D32EE75008FB353 /* PBXTargetDependency */,
			);
			name = placeholderUITests;
			productName = placeholderUITests;
			productReference = CF47961D2D32EE75008FB353 /* placeholderUITests.xctest */;
			productType = "com.apple.product-type.bundle.ui-testing";
		};
/* End PBXNativeTarget section */

/* Begin PBXProject section */
		CF4795FB2D32EE73008FB353 /* Project object */ = {
			isa = PBXProject;
			attributes = {
				BuildIndependentTargetsInParallel = 1;
				LastSwiftUpdateCheck = 1540;
				LastUpgradeCheck = 1540;
				TargetAttributes = {
					CF4796022D32EE73008FB353 = {
						CreatedOnToolsVersion = 15.4;
					};
					CF4796122D32EE75008FB353 = {
						CreatedOnToolsVersion = 15.4;
						TestTargetID = CF4796022D32EE73008FB353;
					};
					CF47961C2D32EE75008FB353 = {
						CreatedOnToolsVersion = 15.4;
						TestTargetID = CF4796022D32EE73008FB353;
					};
				};
			};
			buildConfigurationList = CF4795FE2D32EE73008FB353 /* Build configuration list for PBXProject "placeholder" */;
			compatibilityVersion = "Xcode 14.0";
			developmentRegion = en;
			hasScannedForEncodings = 0;
			knownRegions = (
				en,
				Base,
			);
			mainGroup = CF4795FA2D32EE73008FB353;
			productRefGroup = CF4796042D32EE73008FB353 /* Products */;
			projectDirPath = "";
			projectRoot = "";
			targets = (
				CF4796022D32EE73008FB353 /* placeholder */,
				CF4796122D32EE75008FB353 /* placeholderTests */,
				CF47961C2D32EE75008FB353 /* placeholderUITests */,
			);
		};
/* End PBXProject section */

/* Begin PBXResourcesBuildPhase section */
		CF4796012D32EE73008FB353 /* Resources */ = {
			isa = PBXResourcesBuildPhase;
			buildActionMask = 2147483647;
			files = (
				CF47960E2D32EE74008FB353 /* Preview Assets.xcassets in Resources */,
				CF47960B2D32EE74008FB353 /* Assets.xcassets in Resources */,
			);
			runOnlyForDeploymentPostprocessing = 0;
		};
		CF4796112D32EE75008FB353 /* Resources */ = {
			isa = PBXResourcesBuildPhase;
			buildActionMask = 2147483647;
			files = (
			);
			runOnlyForDeploymentPostprocessing = 0;
		};
		CF47961B2D32EE75008FB353 /* Resources */ = {
			isa = PBXResourcesBuildPhase;
			buildActionMask = 2147483647;
			files = (
			);
			runOnlyForDeploymentPostprocessing = 0;
		};
/* End PBXResourcesBuildPhase section */

/* Begin PBXSourcesBuildPhase section */
		CF4795FF2D32EE73008FB353 /* Sources */ = {
			isa = PBXSourcesBuildPhase;
			buildActionMask = 2147483647;
			files = (
				CF4796092D32EE73008FB353 /* ContentView.swift in Sources */,
				CF4796072D32EE73008FB353 /* placeholderApp.swift in Sources */,
			);
			runOnlyForDeploymentPostprocessing = 0;
		};
		CF47960F2D32EE75008FB353 /* Sources */ = {
			isa = PBXSourcesBuildPhase;
			buildActionMask = 2147483647;
			files = (
				CF4796182D32EE75008FB353 /* placeholderTests.swift in Sources */,
			);
			runOnlyForDeploymentPostprocessing = 0;
		};
		CF4796192D32EE75008FB353 /* Sources */ = {
			isa = PBXSourcesBuildPhase;
			buildActionMask = 2147483647;
			files = (
				CF4796242D32EE75008FB353 /* placeholderUITestsLaunchTests.swift in Sources */,
				CF4796222D32EE75008FB353 /* placeholderUITests.swift in Sources */,
			);
			runOnlyForDeploymentPostprocessing = 0;
		};
/* End PBXSourcesBuildPhase section */

/* Begin PBXTargetDependency section */
		CF4796152D32EE75008FB353 /* PBXTargetDependency */ = {
			isa = PBXTargetDependency;
			target = CF4796022D32EE73008FB353 /* placeholder */;
			targetProxy = CF4796142D32EE75008FB353 /* PBXContainerItemProxy */;
		};
		CF47961F2D32EE75008FB353 /* PBXTargetDependency */ = {
			isa = PBXTargetDependency;
			target = CF4796022D32EE73008FB353 /* placeholder */;
			targetProxy = CF47961E2D32EE75008FB353 /* PBXContainerItemProxy */;
		};
/* End PBXTargetDependency section */

/* Begin XCBuildConfiguration section */
		CF4796252D32EE75008FB353 /* Debug */ = {
			isa = XCBuildConfiguration;
			buildSettings = {
				ALWAYS_SEARCH_USER_PATHS = NO;
				ASSETCATALOG_COMPILER_GENERATE_SWIFT_ASSET_SYMBOL_EXTENSIONS = YES;
				CLANG_ANALYZER_NONNULL = YES;
				CLANG_ANALYZER_NUMBER_OBJECT_CONVERSION = YES_AGGRESSIVE;
				CLANG_CXX_LANGUAGE_STANDARD = "gnu++20";
				CLANG_ENABLE_MODULES = YES;
				CLANG_ENABLE_OBJC_ARC = YES;
				CLANG_ENABLE_OBJC_WEAK = YES;
				CLANG_WARN_BLOCK_CAPTURE_AUTORELEASING = YES;
				CLANG_WARN_BOOL_CONVERSION = YES;
				CLANG_WARN_COMMA = YES;
				CLANG_WARN_CONSTANT_CONVERSION = YES;
				CLANG_WARN_DEPRECATED_OBJC_IMPLEMENTATIONS = YES;
				CLANG_WARN_DIRECT_OBJC_ISA_USAGE = YES_ERROR;
				CLANG_WARN_DOCUMENTATION_COMMENTS = YES;
				CLANG_WARN_EMPTY_BODY = YES;
				CLANG_WARN_ENUM_CONVERSION = YES;
				CLANG_WARN_INFINITE_RECURSION = YES;
				CLANG_WARN_INT_CONVERSION = YES;
				CLANG_WARN_NON_LITERAL_NULL_CONVERSION = YES;
				CLANG_WARN_OBJC_IMPLICIT_RETAIN_SELF = YES;
				CLANG_WARN_OBJC_LITERAL_CONVERSION = YES;
				CLANG_WARN_OBJC_ROOT_CLASS = YES_ERROR;
				CLANG_WARN_QUOTED_INCLUDE_IN_FRAMEWORK_HEADER = YES;
				CLANG_WARN_RANGE_LOOP_ANALYSIS = YES;
				CLANG_WARN_STRICT_PROTOTYPES = YES;
				CLANG_WARN_SUSPICIOUS_MOVE = YES;
				CLANG_WARN_UNGUARDED_AVAILABILITY = YES_AGGRESSIVE;
				CLANG_WARN_UNREACHABLE_CODE = YES;
				CLANG_WARN__DUPLICATE_METHOD_MATCH = YES;
				COPY_PHASE_STRIP = NO;
				DEBUG_INFORMATION_FORMAT = dwarf;
				ENABLE_STRICT_OBJC_MSGSEND = YES;
				ENABLE_TESTABILITY = YES;
				ENABLE_USER_SCRIPT_SANDBOXING = YES;
				GCC_C_LANGUAGE_STANDARD = gnu17;
				GCC_DYNAMIC_NO_PIC = NO;
				GCC_NO_COMMON_BLOCKS = YES;
				GCC_OPTIMIZATION_LEVEL = 0;
				GCC_PREPROCESSOR_DEFINITIONS = (
					"DEBUG=1",
					"$(inherited)",
				);
				GCC_WARN_64_TO_32_BIT_CONVERSION = YES;
				GCC_WARN_ABOUT_RETURN_TYPE = YES_ERROR;
				GCC_WARN_UNDECLARED_SELECTOR = YES;
				GCC_WARN_UNINITIALIZED_AUTOS = YES_AGGRESSIVE;
				GCC_WARN_UNUSED_FUNCTION = YES;
				GCC_WARN_UNUSED_VARIABLE = YES;
				IPHONEOS_DEPLOYMENT_TARGET = 17.5;
				LOCALIZATION_PREFERS_STRING_CATALOGS = YES;
				MTL_ENABLE_DEBUG_INFO = INCLUDE_SOURCE;
				MTL_FAST_MATH = YES;
				ONLY_ACTIVE_ARCH = YES;
				SDKROOT = iphoneos;
				SWIFT_ACTIVE_COMPILATION_CONDITIONS = "DEBUG $(inherited)";
				SWIFT_OPTIMIZATION_LEVEL = "-Onone";
			};
			name = Debug;
		};
		CF4796262D32EE75008FB353 /* Release */ = {
			isa = XCBuildConfiguration;
			buildSettings = {
				ALWAYS_SEARCH_USER_PATHS = NO;
				ASSETCATALOG_COMPILER_GENERATE_SWIFT_ASSET_SYMBOL_EXTENSIONS = YES;
				CLANG_ANALYZER_NONNULL = YES;
				CLANG_ANALYZER_NUMBER_OBJECT_CONVERSION = YES_AGGRESSIVE;
				CLANG_CXX_LANGUAGE_STANDARD = "gnu++20";
				CLANG_ENABLE_MODULES = YES;
				CLANG_ENABLE_OBJC_ARC = YES;
				CLANG_ENABLE_OBJC_WEAK = YES;
				CLANG_WARN_BLOCK_CAPTURE_AUTORELEASING = YES;
				CLANG_WARN_BOOL_CONVERSION = YES;
				CLANG_WARN_COMMA = YES;
				CLANG_WARN_CONSTANT_CONVERSION = YES;
				CLANG_WARN_DEPRECATED_OBJC_IMPLEMENTATIONS = YES;
				CLANG_WARN_DIRECT_OBJC_ISA_USAGE = YES_ERROR;
				CLANG_WARN_DOCUMENTATION_COMMENTS = YES;
				CLANG_WARN_EMPTY_BODY = YES;
				CLANG_WARN_ENUM_CONVERSION = YES;
				CLANG_WARN_INFINITE_RECURSION = YES;
				CLANG_WARN_INT_CONVERSION = YES;
				CLANG_WARN_NON_LITERAL_NULL_CONVERSION = YES;
				CLANG_WARN_OBJC_IMPLICIT_RETAIN_SELF = YES;
				CLANG_WARN_OBJC_LITERAL_CONVERSION = YES;
				CLANG_WARN_OBJC_ROOT_CLASS = YES_ERROR;
				CLANG_WARN_QUOTED_INCLUDE_IN_FRAMEWORK_HEADER = YES;
				CLANG_WARN_RANGE_LOOP_ANALYSIS = YES;
				CLANG_WARN_STRICT_PROTOTYPES = YES;
				CLANG_WARN_SUSPICIOUS_MOVE = YES;
				CLANG_WARN_UNGUARDED_AVAILABILITY = YES_AGGRESSIVE;
				CLANG_WARN_UNREACHABLE_CODE = YES;
				CLANG_WARN__DUPLICATE_METHOD_MATCH = YES;
				COPY_PHASE_STRIP = NO;
				DEBUG_INFORMATION_FORMAT = "dwarf-with-dsym";
				ENABLE_NS_ASSERTIONS = NO;
				ENABLE_STRICT_OBJC_MSGSEND = YES;
				ENABLE_USER_SCRIPT_SANDBOXING = YES;
				GCC_C_LANGUAGE_STANDARD = gnu17;
				GCC_NO_COMMON_BLOCKS = YES;
				GCC_WARN_64_TO_32_BIT_CONVERSION = YES;
				GCC_WARN_ABOUT_RETURN_TYPE = YES_ERROR;
				GCC_WARN_UNDECLARED_SELECTOR = YES;
				GCC_WARN_UNINITIALIZED_AUTOS = YES_AGGRESSIVE;
				GCC_WARN_UNUSED_FUNCTION = YES;
				GCC_WARN_UNUSED_VARIABLE = YES;
				IPHONEOS_DEPLOYMENT_TARGET = 17.5;
				LOCALIZATION_PREFERS_STRING_CATALOGS = YES;
				MTL_ENABLE_DEBUG_INFO = NO;
				MTL_FAST_MATH = YES;
				SDKROOT = iphoneos;
				SWIFT_COMPILATION_MODE = wholemodule;
				VALIDATE_PRODUCT = YES;
			};
			name = Release;
		};
		CF4796282D32EE75008FB353 /* Debug */ = {
			isa = XCBuildConfiguration;
			buildSettings = {
				ASSETCATALOG_COMPILER_APPICON_NAME = AppIcon;
				ASSETCATALOG_COMPILER_GLOBAL_ACCENT_COLOR_NAME = AccentColor;
				CODE_SIGN_STYLE = Automatic;
				CURRENT_PROJECT_VERSION = 1;
				DEVELOPMENT_ASSET_PATHS = "\"placeholder/Preview Content\"";
				DEVELOPMENT_TEAM = X9W59C2LB4;
				ENABLE_PREVIEWS = YES;
				GENERATE_INFOPLIST_FILE = YES;
				INFOPLIST_KEY_UIApplicationSceneManifest_Generation = YES;
				INFOPLIST_KEY_UIApplicationSupportsIndirectInputEvents = YES;
				INFOPLIST_KEY_UILaunchScreen_Generation = YES;
				INFOPLIST_KEY_UISupportedInterfaceOrientations_iPad = "UIInterfaceOrientationPortrait UIInterfaceOrientationPortraitUpsideDown UIInterfaceOrientationLandscapeLeft UIInterfaceOrientationLandscapeRight";
				INFOPLIST_KEY_UISupportedInterfaceOrientations_iPhone = "UIInterfaceOrientationPortrait UIInterfaceOrientationLandscapeLeft UIInterfaceOrientationLandscapeRight";
				LD_RUNPATH_SEARCH_PATHS = (
					"$(inherited)",
					"@executable_path/Frameworks",
				);
				MARKETING_VERSION = 1.0;
				PRODUCT_BUNDLE_IDENTIFIER = aidenly.placeholder;
				PRODUCT_NAME = "$(TARGET_NAME)";
				SWIFT_EMIT_LOC_STRINGS = YES;
				SWIFT_VERSION = 5.0;
				TARGETED_DEVICE_FAMILY = "1,2";
			};
			name = Debug;
		};
		CF4796292D32EE75008FB353 /* Release */ = {
			isa = XCBuildConfiguration;
			buildSettings = {
				ASSETCATALOG_COMPILER_APPICON_NAME = AppIcon;
				ASSETCATALOG_COMPILER_GLOBAL_ACCENT_COLOR_NAME = AccentColor;
				CODE_SIGN_STYLE = Automatic;
				CURRENT_PROJECT_VERSION = 1;
				DEVELOPMENT_ASSET_PATHS = "\"placeholder/Preview Content\"";
				DEVELOPMENT_TEAM = X9W59C2LB4;
				ENABLE_PREVIEWS = YES;
				GENERATE_INFOPLIST_FILE = YES;
				INFOPLIST_KEY_UIApplicationSceneManifest_Generation = YES;
				INFOPLIST_KEY_UIApplicationSupportsIndirectInputEvents = YES;
				INFOPLIST_KEY_UILaunchScreen_Generation = YES;
				INFOPLIST_KEY_UISupportedInterfaceOrientations_iPad = "UIInterfaceOrientationPortrait UIInterfaceOrientationPortraitUpsideDown UIInterfaceOrientationLandscapeLeft UIInterfaceOrientationLandscapeRight";
				INFOPLIST_KEY_UISupportedInterfaceOrientations_iPhone = "UIInterfaceOrientationPortrait UIInterfaceOrientationLandscapeLeft UIInterfaceOrientationLandscapeRight";
				LD_RUNPATH_SEARCH_PATHS = (
					"$(inherited)",
					"@executable_path/Frameworks",
				);
				MARKETING_VERSION = 1.0;
				PRODUCT_BUNDLE_IDENTIFIER = aidenly.placeholder;
				PRODUCT_NAME = "$(TARGET_NAME)";
				SWIFT_EMIT_LOC_STRINGS = YES;
				SWIFT_VERSION = 5.0;
				TARGETED_DEVICE_FAMILY = "1,2";
			};
			name = Release;
		};
		CF47962B2D32EE75008FB353 /* Debug */ = {
			isa = XCBuildConfiguration;
			buildSettings = {
				ALWAYS_EMBED_SWIFT_STANDARD_LIBRARIES = YES;
				BUNDLE_LOADER = "$(TEST_HOST)";
				CODE_SIGN_STYLE = Automatic;
				CURRENT_PROJECT_VERSION = 1;
				DEVELOPMENT_TEAM = X9W59C2LB4;
				GENERATE_INFOPLIST_FILE = YES;
				IPHONEOS_DEPLOYMENT_TARGET = 17.5;
				MARKETING_VERSION = 1.0;
				PRODUCT_BUNDLE_IDENTIFIER = aidenly.placeholderTests;
				PRODUCT_NAME = "$(TARGET_NAME)";
				SWIFT_EMIT_LOC_STRINGS = NO;
				SWIFT_VERSION = 5.0;
				TARGETED_DEVICE_FAMILY = "1,2";
				TEST_HOST = "$(BUILT_PRODUCTS_DIR)/placeholder.app/$(BUNDLE_EXECUTABLE_FOLDER_PATH)/placeholder";
			};
			name = Debug;
		};
		CF47962C2D32EE75008FB353 /* Release */ = {
			isa = XCBuildConfiguration;
			buildSettings = {
				ALWAYS_EMBED_SWIFT_STANDARD_LIBRARIES = YES;
				BUNDLE_LOADER = "$(TEST_HOST)";
				CODE_SIGN_STYLE = Automatic;
				CURRENT_PROJECT_VERSION = 1;
				DEVELOPMENT_TEAM = X9W59C2LB4;
				GENERATE_INFOPLIST_FILE = YES;
				IPHONEOS_DEPLOYMENT_TARGET = 17.5;
				MARKETING_VERSION = 1.0;
				PRODUCT_BUNDLE_IDENTIFIER = aidenly.placeholderTests;
				PRODUCT_NAME = "$(TARGET_NAME)";
				SWIFT_EMIT_LOC_STRINGS = NO;
				SWIFT_VERSION = 5.0;
				TARGETED_DEVICE_FAMILY = "1,2";
				TEST_HOST = "$(BUILT_PRODUCTS_DIR)/placeholder.app/$(BUNDLE_EXECUTABLE_FOLDER_PATH)/placeholder";
			};
			name = Release;
		};
		CF47962E2D32EE75008FB353 /* Debug */ = {
			isa = XCBuildConfiguration;
			buildSettings = {
				ALWAYS_EMBED_SWIFT_STANDARD_LIBRARIES = YES;
				CODE_SIGN_STYLE = Automatic;
				CURRENT_PROJECT_VERSION = 1;
				DEVELOPMENT_TEAM = X9W59C2LB4;
				GENERATE_INFOPLIST_FILE = YES;
				MARKETING_VERSION = 1.0;
				PRODUCT_BUNDLE_IDENTIFIER = aidenly.placeholderUITests;
				PRODUCT_NAME = "$(TARGET_NAME)";
				SWIFT_EMIT_LOC_STRINGS = NO;
				SWIFT_VERSION = 5.0;
				TARGETED_DEVICE_FAMILY = "1,2";
				TEST_TARGET_NAME = placeholder;
			};
			name = Debug;
		};
		CF47962F2D32EE75008FB353 /* Release */ = {
			isa = XCBuildConfiguration;
			buildSettings = {
				ALWAYS_EMBED_SWIFT_STANDARD_LIBRARIES = YES;
				CODE_SIGN_STYLE = Automatic;
				CURRENT_PROJECT_VERSION = 1;
				DEVELOPMENT_TEAM = X9W59C2LB4;
				GENERATE_INFOPLIST_FILE = YES;
				MARKETING_VERSION = 1.0;
				PRODUCT_BUNDLE_IDENTIFIER = aidenly.placeholderUITests;
				PRODUCT_NAME = "$(TARGET_NAME)";
				SWIFT_EMIT_LOC_STRINGS = NO;
				SWIFT_VERSION = 5.0;
				TARGETED_DEVICE_FAMILY = "1,2";
				TEST_TARGET_NAME = placeholder;
			};
			name = Release;
		};
/* End XCBuildConfiguration section */

/* Begin XCConfigurationList section */
		CF4795FE2D32EE73008FB353 /* Build configuration list for PBXProject "placeholder" */ = {
			isa = XCConfigurationList;
			buildConfigurations = (
				CF4796252D32EE75008FB353 /* Debug */,
				CF4796262D32EE75008FB353 /* Release */,
			);
			defaultConfigurationIsVisible = 0;
			defaultConfigurationName = Release;
		};
		CF4796272D32EE75008FB353 /* Build configuration list for PBXNativeTarget "placeholder" */ = {
			isa = XCConfigurationList;
			buildConfigurations = (
				CF4796282D32EE75008FB353 /* Debug */,
				CF4796292D32EE75008FB353 /* Release */,
			);
			defaultConfigurationIsVisible = 0;
			defaultConfigurationName = Release;
		};
		CF47962A2D32EE75008FB353 /* Build configuration list for PBXNativeTarget "placeholderTests" */ = {
			isa = XCConfigurationList;
			buildConfigurations = (
				CF47962B2D32EE75008FB353 /* Debug */,
				CF47962C2D32EE75008FB353 /* Release */,
			);
			defaultConfigurationIsVisible = 0;
			defaultConfigurationName = Release;
		};
		CF47962D2D32EE75008FB353 /* Build configuration list for PBXNativeTarget "placeholderUITests" */ = {
			isa = XCConfigurationList;
			buildConfigurations = (
				CF47962E2D32EE75008FB353 /* Debug */,
				CF47962F2D32EE75008FB353 /* Release */,
			);
			defaultConfigurationIsVisible = 0;
			defaultConfigurationName = Release;
		};
/* End XCConfigurationList section */
	};
	rootObject = CF4795FB2D32EE73008FB353 /* Project object */;
}
